# THIS IS AN AUTOGENERATED FILE. DO NOT EDIT THIS FILE DIRECTLY.
# yarn lockfile v1


better-npm-run@^0.1.0:
  version "0.1.0"
  resolved "https://registry.yarnpkg.com/better-npm-run/-/better-npm-run-0.1.0.tgz#ea9b2e8e57d6b2a06906ab28bc5672ce8eb2fee8"
  dependencies:
    commander "^2.9.0"
    dotenv "^2.0.0"
    object-assign "^4.0.1"

commander@^2.9.0:
  version "2.15.1"
  resolved "https://registry.yarnpkg.com/commander/-/commander-2.15.1.tgz#df46e867d0fc2aec66a34662b406a9ccafff5b0f"

dotenv@^2.0.0:
  version "2.0.0"
  resolved "https://registry.yarnpkg.com/dotenv/-/dotenv-2.0.0.tgz#bd759c357aaa70365e01c96b7b0bec08a6e0d949"

object-assign@^4.0.1:
  version "4.1.1"
  resolved "https://registry.yarnpkg.com/object-assign/-/object-assign-4.1.1.tgz#2109adc7965887cfc05cbbd442cac8bfbb360863"
